
Microsoft Visual Studio Solution File, Format Version 12.00
Project("{2150E333-8FDC-42A3-9474-1A3956D46DE8}") = "src", "src", "{57DAA274-184F-4355-A39E-61D46477B909}"
EndProject
Project("{FAE04EC0-301F-11D3-BF4B-00C04F79EFBC}") = "Common", "Common\Common.csproj", "{C4D21F92-265F-4DCA-91F2-C8C0A6078F6C}"
EndProject
Project("{FAE04EC0-301F-11D3-BF4B-00C04F79EFBC}") = "Shared", "Shared\Shared.csproj", "{A5B9B035-EF79-42C9-B346-5444636C4D97}"
EndProject
Project("{FAE04EC0-301F-11D3-BF4B-00C04F79EFBC}") = "AutomationTests", "AutomationTests\AutomationTests.csproj", "{304B01A7-5E1A-4353-9E00-6A0B8A9E8873}"
EndProject
Global
	GlobalSection(SolutionConfigurationPlatforms) = preSolution
		Debug|Any CPU = Debug|Any CPU
		Release|Any CPU = Release|Any CPU
	EndGlobalSection
	GlobalSection(NestedProjects) = preSolution
		{C4D21F92-265F-4DCA-91F2-C8C0A6078F6C} = {57DAA274-184F-4355-A39E-61D46477B909}
		{A5B9B035-EF79-42C9-B346-5444636C4D97} = {57DAA274-184F-4355-A39E-61D46477B909}
		{304B01A7-5E1A-4353-9E00-6A0B8A9E8873} = {57DAA274-184F-4355-A39E-61D46477B909}
	EndGlobalSection
	GlobalSection(ProjectConfigurationPlatforms) = postSolution
		{C4D21F92-265F-4DCA-91F2-C8C0A6078F6C}.Debug|Any CPU.ActiveCfg = Debug|Any CPU
		{C4D21F92-265F-4DCA-91F2-C8C0A6078F6C}.Debug|Any CPU.Build.0 = Debug|Any CPU
		{C4D21F92-265F-4DCA-91F2-C8C0A6078F6C}.Release|Any CPU.ActiveCfg = Release|Any CPU
		{C4D21F92-265F-4DCA-91F2-C8C0A6078F6C}.Release|Any CPU.Build.0 = Release|Any CPU
		{A5B9B035-EF79-42C9-B346-5444636C4D97}.Debug|Any CPU.ActiveCfg = Debug|Any CPU
		{A5B9B035-EF79-42C9-B346-5444636C4D97}.Debug|Any CPU.Build.0 = Debug|Any CPU
		{A5B9B035-EF79-42C9-B346-5444636C4D97}.Release|Any CPU.ActiveCfg = Release|Any CPU
		{A5B9B035-EF79-42C9-B346-5444636C4D97}.Release|Any CPU.Build.0 = Release|Any CPU
		{304B01A7-5E1A-4353-9E00-6A0B8A9E8873}.Debug|Any CPU.ActiveCfg = Debug|Any CPU
		{304B01A7-5E1A-4353-9E00-6A0B8A9E8873}.Debug|Any CPU.Build.0 = Debug|Any CPU
		{304B01A7-5E1A-4353-9E00-6A0B8A9E8873}.Release|Any CPU.ActiveCfg = Release|Any CPU
		{304B01A7-5E1A-4353-9E00-6A0B8A9E8873}.Release|Any CPU.Build.0 = Release|Any CPU
	EndGlobalSection
EndGlobal
